github.com/gulfstream-h/ksql v0.0.2 h1:wMl+FRgo55ZLQ6O1WIXyOfZeHW3n5t1dpjMPUuKCqeI=
github.com/gulfstream-h/ksql v0.0.2/go.mod h1:32rDkmcoWJGpM/0lnZvhuLAbdpa2bUymkxOgMFr9a+c=
github.com/gulfstream-h/ksql v0.0.3 h1:Cj5TKN/BGpD2htxYltCabF2GpK2f69RDsSrgv4rEZU0=
github.com/gulfstream-h/ksql v0.0.3/go.mod h1:32rDkmcoWJGpM/0lnZvhuLAbdpa2bUymkxOgMFr9a+c=
